hash: 177b47f032e8929c5229de2986d5b1ef684577f74cfa0b6c6498a7b37fe98e5a
updated: 2017-01-24T16:41:01.0008174Z
imports:
- name: github.com/julienschmidt/httprouter
  version: 8c199fb6259ffc1af525cc3ad52ee60ba8359669
- name: github.com/tophatsteve/margo
  version: 6feeebdd5578e566ebe68f42a16a9897c0463638
testImports: []
